Microsoft Visual Studio Solution File, Format Version 12.00
# Visual Studio 2012
Project("{FAE04EC0-301F-11D3-BF4B-00C04F79EFBC}") = "PlatformerPlayerController", "PlatformerPlayerController.csproj", "{49E48796-B2BB-46B3-BEC0-5A6DD252DEAF}"
EndProject
Global
	GlobalSection(SolutionConfigurationPlatforms) = preSolution
	Debug|Any CPU = Debug|Any CPU
	ExportDebug|Any CPU = ExportDebug|Any CPU
	ExportRelease|Any CPU = ExportRelease|Any CPU
	EndGlobalSection
	GlobalSection(ProjectConfigurationPlatforms) = postSolution
		{49E48796-B2BB-46B3-BEC0-5A6DD252DEAF}.Debug|Any CPU.ActiveCfg = Debug|Any CPU
		{49E48796-B2BB-46B3-BEC0-5A6DD252DEAF}.Debug|Any CPU.Build.0 = Debug|Any CPU
		{49E48796-B2BB-46B3-BEC0-5A6DD252DEAF}.ExportDebug|Any CPU.ActiveCfg = ExportDebug|Any CPU
		{49E48796-B2BB-46B3-BEC0-5A6DD252DEAF}.ExportDebug|Any CPU.Build.0 = ExportDebug|Any CPU
		{49E48796-B2BB-46B3-BEC0-5A6DD252DEAF}.ExportRelease|Any CPU.ActiveCfg = ExportRelease|Any CPU
		{49E48796-B2BB-46B3-BEC0-5A6DD252DEAF}.ExportRelease|Any CPU.Build.0 = ExportRelease|Any CPU
	EndGlobalSection
EndGlobal
